// !$*UTF8*$!
{
	archiveVersion = 1;
	classes = {
	};
	objectVersion = 48;
	objects = {

/* Begin PBXBuildFile section */
		80F23FAD20282A42006CC415 /* AppDelegate.swift in Sources */ = {isa = PBXBuildFile; fileRef = 80F23FAC20282A42006CC415 /* AppDelegate.swift */; };
		80F23FAF20282A42006CC415 /* ViewController.swift in Sources */ = {isa = PBXBuildFile; fileRef = 80F23FAE20282A42006CC415 /* ViewController.swift */; };
		80F23FB220282A42006CC415 /* Main.storyboard in Resources */ = {isa = PBXBuildFile; fileRef = 80F23FB020282A42006CC415 /* Main.storyboard */; };
		80F23FB420282A42006CC415 /* Assets.xcassets in Resources */ = {isa = PBXBuildFile; fileRef = 80F23FB320282A42006CC415 /* Assets.xcassets */; };
		80F23FB720282A42006CC415 /* LaunchScreen.storyboard in Resources */ = {isa = PBXBuildFile; fileRef = 80F23FB520282A42006CC415 /* LaunchScreen.storyboard */; };
		80F23FC220282A42006CC415 /* TumblrAppTests.swift in Sources */ = {isa = PBXBuildFile; fileRef = 80F23FC120282A42006CC415 /* TumblrAppTests.swift */; };
		80F23FCD20282A42006CC415 /* TumblrAppUITests.swift in Sources */ = {isa = PBXBuildFile; fileRef = 80F23FCC20282A42006CC415 /* TumblrAppUITests.swift */; };
/* End PBXBuildFile section */

/* Begin PBXContainerItemProxy section */
		80F23FBE20282A42006CC415 /* PBXContainerItemProxy */ = {
			isa = PBXContainerItemProxy;
			containerPortal = 80F23FA120282A42006CC415 /* Project object */;
			proxyType = 1;
			remoteGlobalIDString = 80F23FA820282A42006CC415;
			remoteInfo = TumblrApp;
		};
		80F23FC920282A42006CC415 /* PBXContainerItemProxy */ = {
			isa = PBXContainerItemProxy;
			containerPortal = 80F23FA120282A42006CC415 /* Project object */;
			proxyType = 1;
			remoteGlobalIDString = 80F23FA820282A42006CC415;
			remoteInfo = TumblrApp;
		};
/* End PBXContainerItemProxy section */

/* Begin PBXFileReference section */
		80F23FA920282A42006CC415 /* TumblrApp.app */ = {isa = PBXFileReference; explicitFileType = wrapper.application; includeInIndex = 0; path = TumblrApp.app; sourceTree = BUILT_PRODUCTS_DIR; };
		80F23FAC20282A42006CC415 /* AppDelegate.swift */ = {isa = PBXFileReference; lastKnownFileType = sourcecode.swift; path = AppDelegate.swift; sourceTree = "<group>"; };
		80F23FAE20282A42006CC415 /* ViewController.swift */ = {isa = PBXFileReference; lastKnownFileType = sourcecode.swift; path = ViewController.swift; sourceTree = "<group>"; };
		80F23FB120282A42006CC415 /* Base */ = {isa = PBXFileReference; lastKnownFileType = file.storyboard; name = Base; path = Base.lproj/Main.storyboard; sourceTree = "<group>"; };
		80F23FB320282A42006CC415 /* Assets.xcassets */ = {isa = PBXFileReference; lastKnownFileType = folder.assetcatalog; path = Assets.xcassets; sourceTree = "<group>"; };
		80F23FB620282A42006CC415 /* Base */ = {isa = PBXFileReference; lastKnownFileType = file.storyboard; name = Base; path = Base.lproj/LaunchScreen.storyboard; sourceTree = "<group>"; };
		80F23FB820282A42006CC415 /* Info.plist */ = {isa = PBXFileReference; lastKnownFileType = text.plist.xml; path = Info.plist; sourceTree = "<group>"; };
		80F23FBD20282A42006CC415 /* TumblrAppTests.xctest */ = {isa = PBXFileReference; explicitFileType = wrapper.cfbundle; includeInIndex = 0; path = TumblrAppTests.xctest; sourceTree = BUILT_PRODUCTS_DIR; };
		80F23FC120282A42006CC415 /* TumblrAppTests.swift */ = {isa = PBXFileReference; lastKnownFileType = sourcecode.swift; path = TumblrAppTests.swift; sourceTree = "<group>"; };
		80F23FC320282A42006CC415 /* Info.plist */ = {isa = PBXFileReference; lastKnownFileType = text.plist.xml; path = Info.plist; sourceTree = "<group>"; };
		80F23FC820282A42006CC415 /* TumblrAppUITests.xctest */ = {isa = PBXFileReference; explicitFileType = wrapper.cfbundle; includeInIndex = 0; path = TumblrAppUITests.xctest; sourceTree = BUILT_PRODUCTS_DIR; };
		80F23FCC20282A42006CC415 /* TumblrAppUITests.swift */ = {isa = PBXFileReference; lastKnownFileType = sourcecode.swift; path = TumblrAppUITests.swift; sourceTree = "<group>"; };
		80F23FCE20282A42006CC415 /* Info.plist */ = {isa = PBXFileReference; lastKnownFileType = text.plist.xml; path = Info.plist; sourceTree = "<group>"; };
/* End PBXFileReference section */

/* Begin PBXFrameworksBuildPhase section */
		80F23FA620282A42006CC415 /* Frameworks */ = {
			isa = PBXFrameworksBuildPhase;
			buildActionMask = 2147483647;
			files = (
			);
			runOnlyForDeploymentPostprocessing = 0;
		};
		80F23FBA20282A42006CC415 /* Frameworks */ = {
			isa = PBXFrameworksBuildPhase;
			buildActionMask = 2147483647;
			files = (
			);
			runOnlyForDeploymentPostprocessing = 0;
		};
		80F23FC520282A42006CC415 /* Frameworks */ = {
			isa = PBXFrameworksBuildPhase;
			buildActionMask = 2147483647;
			files = (
			);
			runOnlyForDeploymentPostprocessing = 0;
		};
/* End PBXFrameworksBuildPhase section */

/* Begin PBXGroup section */
		80F23FA020282A42006CC415 = {
			isa = PBXGroup;
			children = (
				80F23FAB20282A42006CC415 /* TumblrApp */,
				80F23FC020282A42006CC415 /* TumblrAppTests */,
				80F23FCB20282A42006CC415 /* TumblrAppUITests */,
				80F23FAA20282A42006CC415 /* Products */,
			);
			sourceTree = "<group>";
		};
		80F23FAA20282A42006CC415 /* Products */ = {
			isa = PBXGroup;
			children = (
				80F23FA920282A42006CC415 /* TumblrApp.app */,
				80F23FBD20282A42006CC415 /* TumblrAppTests.xctest */,
				80F23FC820282A42006CC415 /* TumblrAppUITests.xctest */,
			);
			name = Products;
			sourceTree = "<group>";
		};
		80F23FAB20282A42006CC415 /* TumblrApp */ = {
			isa = PBXGroup;
			children = (
				80F23FAC20282A42006CC415 /* AppDelegate.swift */,
				80F23FAE20282A42006CC415 /* ViewController.swift */,
				80F23FB020282A42006CC415 /* Main.storyboard */,
				80F23FB320282A42006CC415 /* Assets.xcassets */,
				80F23FB520282A42006CC415 /* LaunchScreen.storyboard */,
				80F23FB820282A42006CC415 /* Info.plist */,
			);
			path = TumblrApp;
			sourceTree = "<group>";
		};
		80F23FC020282A42006CC415 /* TumblrAppTests */ = {
			isa = PBXGroup;
			children = (
				80F23FC120282A42006CC415 /* TumblrAppTests.swift */,
				80F23FC320282A42006CC415 /* Info.plist */,
			);
			path = TumblrAppTests;
			sourceTree = "<group>";
		};
		80F23FCB20282A42006CC415 /* TumblrAppUITests */ = {
			isa = PBXGroup;
			children = (
				80F23FCC20282A42006CC415 /* TumblrAppUITests.swift */,
				80F23FCE20282A42006CC415 /* Info.plist */,
			);
			path = TumblrAppUITests;
			sourceTree = "<group>";
		};
/* End PBXGroup section */

/* Begin PBXNativeTarget section */
		80F23FA820282A42006CC415 /* TumblrApp */ = {
			isa = PBXNativeTarget;
			buildConfigurationList = 80F23FD120282A42006CC415 /* Build configuration list for PBXNativeTarget "TumblrApp" */;
			buildPhases = (
				80F23FA520282A42006CC415 /* Sources */,
				80F23FA620282A42006CC415 /* Frameworks */,
				80F23FA720282A42006CC415 /* Resources */,
			);
			buildRules = (
			);
			dependencies = (
			);
			name = TumblrApp;
			productName = TumblrApp;
			productReference = 80F23FA920282A42006CC415 /* TumblrApp.app */;
			productType = "com.apple.product-type.application";
		};
		80F23FBC20282A42006CC415 /* TumblrAppTests */ = {
			isa = PBXNativeTarget;
			buildConfigurationList = 80F23FD420282A42006CC415 /* Build configuration list for PBXNativeTarget "TumblrAppTests" */;
			buildPhases = (
				80F23FB920282A42006CC415 /* Sources */,
				80F23FBA20282A42006CC415 /* Frameworks */,
				80F23FBB20282A42006CC415 /* Resources */,
			);
			buildRules = (
			);
			dependencies = (
				80F23FBF20282A42006CC415 /* PBXTargetDependency */,
			);
			name = TumblrAppTests;
			productName = TumblrAppTests;
			productReference = 80F23FBD20282A42006CC415 /* TumblrAppTests.xctest */;
			productType = "com.apple.product-type.bundle.unit-test";
		};
		80F23FC720282A42006CC415 /* TumblrAppUITests */ = {
			isa = PBXNativeTarget;
			buildConfigurationList = 80F23FD720282A42006CC415 /* Build configuration list for PBXNativeTarget "TumblrAppUITests" */;
			buildPhases = (
				80F23FC420282A42006CC415 /* Sources */,
				80F23FC520282A42006CC415 /* Frameworks */,
				80F23FC620282A42006CC415 /* Resources */,
			);
			buildRules = (
			);
			dependencies = (
				80F23FCA20282A42006CC415 /* PBXTargetDependency */,
			);
			name = TumblrAppUITests;
			productName = TumblrAppUITests;
			productReference = 80F23FC820282A42006CC415 /* TumblrAppUITests.xctest */;
			productType = "com.apple.product-type.bundle.ui-testing";
		};
/* End PBXNativeTarget section */

/* Begin PBXProject section */
		80F23FA120282A42006CC415 /* Project object */ = {
			isa = PBXProject;
			attributes = {
				LastSwiftUpdateCheck = 0920;
				LastUpgradeCheck = 0920;
				ORGANIZATIONNAME = "Michael Fletes";
				TargetAttributes = {
					80F23FA820282A42006CC415 = {
						CreatedOnToolsVersion = 9.2;
						ProvisioningStyle = Automatic;
					};
					80F23FBC20282A42006CC415 = {
						CreatedOnToolsVersion = 9.2;
						ProvisioningStyle = Automatic;
						TestTargetID = 80F23FA820282A42006CC415;
					};
					80F23FC720282A42006CC415 = {
						CreatedOnToolsVersion = 9.2;
						ProvisioningStyle = Automatic;
						TestTargetID = 80F23FA820282A42006CC415;
					};
				};
			};
			buildConfigurationList = 80F23FA420282A42006CC415 /* Build configuration list for PBXProject "TumblrApp" */;
			compatibilityVersion = "Xcode 8.0";
			developmentRegion = en;
			hasScannedForEncodings = 0;
			knownRegions = (
				en,
				Base,
			);
			mainGroup = 80F23FA020282A42006CC415;
			productRefGroup = 80F23FAA20282A42006CC415 /* Products */;
			projectDirPath = "";
			projectRoot = "";
			targets = (
				80F23FA820282A42006CC415 /* TumblrApp */,
				80F23FBC20282A42006CC415 /* TumblrAppTests */,
				80F23FC720282A42006CC415 /* TumblrAppUITests */,
			);
		};
/* End PBXProject section */

/* Begin PBXResourcesBuildPhase section */
		80F23FA720282A42006CC415 /* Resources */ = {
			isa = PBXResourcesBuildPhase;
			buildActionMask = 2147483647;
			files = (
				80F23FB720282A42006CC415 /* LaunchScreen.storyboard in Resources */,
				80F23FB420282A42006CC415 /* Assets.xcassets in Resources */,
				80F23FB220282A42006CC415 /* Main.storyboard in Resources */,
			);
			runOnlyForDeploymentPostprocessing = 0;
		};
		80F23FBB20282A42006CC415 /* Resources */ = {
			isa = PBXResourcesBuildPhase;
			buildActionMask = 2147483647;
			files = (
			);
			runOnlyForDeploymentPostprocessing = 0;
		};
		80F23FC620282A42006CC415 /* Resources */ = {
			isa = PBXResourcesBuildPhase;
			buildActionMask = 2147483647;
			files = (
			);
			runOnlyForDeploymentPostprocessing = 0;
		};
/* End PBXResourcesBuildPhase section */

/* Begin PBXSourcesBuildPhase section */
		80F23FA520282A42006CC415 /* Sources */ = {
			isa = PBXSourcesBuildPhase;
			buildActionMask = 2147483647;
			files = (
				80F23FAF20282A42006CC415 /* ViewController.swift in Sources */,
				80F23FAD20282A42006CC415 /* AppDelegate.swift in Sources */,
			);
			runOnlyForDeploymentPostprocessing = 0;
		};
		80F23FB920282A42006CC415 /* Sources */ = {
			isa = PBXSourcesBuildPhase;
			buildActionMask = 2147483647;
			files = (
				80F23FC220282A42006CC415 /* TumblrAppTests.swift in Sources */,
			);
			runOnlyForDeploymentPostprocessing = 0;
		};
		80F23FC420282A42006CC415 /* Sources */ = {
			isa = PBXSourcesBuildPhase;
			buildActionMask = 2147483647;
			files = (
				80F23FCD20282A42006CC415 /* TumblrAppUITests.swift in Sources */,
			);
			runOnlyForDeploymentPostprocessing = 0;
		};
/* End PBXSourcesBuildPhase section */

/* Begin PBXTargetDependency section */
		80F23FBF20282A42006CC415 /* PBXTargetDependency */ = {
			isa = PBXTargetDependency;
			target = 80F23FA820282A42006CC415 /* TumblrApp */;
			targetProxy = 80F23FBE20282A42006CC415 /* PBXContainerItemProxy */;
		};
		80F23FCA20282A42006CC415 /* PBXTargetDependency */ = {
			isa = PBXTargetDependency;
			target = 80F23FA820282A42006CC415 /* TumblrApp */;
			targetProxy = 80F23FC920282A42006CC415 /* PBXContainerItemProxy */;
		};
/* End PBXTargetDependency section */

/* Begin PBXVariantGroup section */
		80F23FB020282A42006CC415 /* Main.storyboard */ = {
			isa = PBXVariantGroup;
			children = (
				80F23FB120282A42006CC415 /* Base */,
			);
			name = Main.storyboard;
			sourceTree = "<group>";
		};
		80F23FB520282A42006CC415 /* LaunchScreen.storyboard */ = {
			isa = PBXVariantGroup;
			children = (
				80F23FB620282A42006CC415 /* Base */,
			);
			name = LaunchScreen.storyboard;
			sourceTree = "<group>";
		};
/* End PBXVariantGroup section */

/* Begin XCBuildConfiguration section */
		80F23FCF20282A42006CC415 /* Debug */ = {
			isa = XCBuildConfiguration;
			buildSettings = {
				ALWAYS_SEARCH_USER_PATHS = NO;
				CLANG_ANALYZER_NONNULL = YES;
				CLANG_ANALYZER_NUMBER_OBJECT_CONVERSION = YES_AGGRESSIVE;
				CLANG_CXX_LANGUAGE_STANDARD = "gnu++14";
				CLANG_CXX_LIBRARY = "libc++";
				CLANG_ENABLE_MODULES = YES;
				CLANG_ENABLE_OBJC_ARC = YES;
				CLANG_WARN_BLOCK_CAPTURE_AUTORELEASING = YES;
				CLANG_WARN_BOOL_CONVERSION = YES;
				CLANG_WARN_COMMA = YES;
				CLANG_WARN_CONSTANT_CONVERSION = YES;
				CLANG_WARN_DIRECT_OBJC_ISA_USAGE = YES_ERROR;
				CLANG_WARN_DOCUMENTATION_COMMENTS = YES;
				CLANG_WARN_EMPTY_BODY = YES;
				CLANG_WARN_ENUM_CONVERSION = YES;
				CLANG_WARN_INFINITE_RECURSION = YES;
				CLANG_WARN_INT_CONVERSION = YES;
				CLANG_WARN_NON_LITERAL_NULL_CONVERSION = YES;
				CLANG_WARN_OBJC_LITERAL_CONVERSION = YES;
				CLANG_WARN_OBJC_ROOT_CLASS = YES_ERROR;
				CLANG_WARN_RANGE_LOOP_ANALYSIS = YES;
				CLANG_WARN_STRICT_PROTOTYPES = YES;
				CLANG_WARN_SUSPICIOUS_MOVE = YES;
				CLANG_WARN_UNGUARDED_AVAILABILITY = YES_AGGRESSIVE;
				CLANG_WARN_UNREACHABLE_CODE = YES;
				CLANG_WARN__DUPLICATE_METHOD_MATCH = YES;
				CODE_SIGN_IDENTITY = "iPhone Developer";
				COPY_PHASE_STRIP = NO;
				DEBUG_INFORMATION_FORMAT = dwarf;
				ENABLE_STRICT_OBJC_MSGSEND = YES;
				ENABLE_TESTABILITY = YES;
				GCC_C_LANGUAGE_STANDARD = gnu11;
				GCC_DYNAMIC_NO_PIC = NO;
				GCC_NO_COMMON_BLOCKS = YES;
				GCC_OPTIMIZATION_LEVEL = 0;
				GCC_PREPROCESSOR_DEFINITIONS = (
					"DEBUG=1",
					"$(inherited)",
				);
				GCC_WARN_64_TO_32_BIT_CONVERSION = YES;
				GCC_WARN_ABOUT_RETURN_TYPE = YES_ERROR;
				GCC_WARN_UNDECLARED_SELECTOR = YES;
				GCC_WARN_UNINITIALIZED_AUTOS = YES_AGGRESSIVE;
				GCC_WARN_UNUSED_FUNCTION = YES;
				GCC_WARN_UNUSED_VARIABLE = YES;
				IPHONEOS_DEPLOYMENT_TARGET = 11.2;
				MTL_ENABLE_DEBUG_INFO = YES;
				ONLY_ACTIVE_ARCH = YES;
				SDKROOT = iphoneos;
				SWIFT_ACTIVE_COMPILATION_CONDITIONS = DEBUG;
				SWIFT_OPTIMIZATION_LEVEL = "-Onone";
			};
			name = Debug;
		};
		80F23FD020282A42006CC415 /* Release */ = {
			isa = XCBuildConfiguration;
			buildSettings = {
				ALWAYS_SEARCH_USER_PATHS = NO;
				CLANG_ANALYZER_NONNULL = YES;
				CLANG_ANALYZER_NUMBER_OBJECT_CONVERSION = YES_AGGRESSIVE;
				CLANG_CXX_LANGUAGE_STANDARD = "gnu++14";
				CLANG_CXX_LIBRARY = "libc++";
				CLANG_ENABLE_MODULES = YES;
				CLANG_ENABLE_OBJC_ARC = YES;
				CLANG_WARN_BLOCK_CAPTURE_AUTORELEASING = YES;
				CLANG_WARN_BOOL_CONVERSION = YES;
				CLANG_WARN_COMMA = YES;
				CLANG_WARN_CONSTANT_CONVERSION = YES;
				CLANG_WARN_DIRECT_OBJC_ISA_USAGE = YES_ERROR;
				CLANG_WARN_DOCUMENTATION_COMMENTS = YES;
				CLANG_WARN_EMPTY_BODY = YES;
				CLANG_WARN_ENUM_CONVERSION = YES;
				CLANG_WARN_INFINITE_RECURSION = YES;
				CLANG_WARN_INT_CONVERSION = YES;
				CLANG_WARN_NON_LITERAL_NULL_CONVERSION = YES;
				CLANG_WARN_OBJC_LITERAL_CONVERSION = YES;
				CLANG_WARN_OBJC_ROOT_CLASS = YES_ERROR;
				CLANG_WARN_RANGE_LOOP_ANALYSIS = YES;
				CLANG_WARN_STRICT_PROTOTYPES = YES;
				CLANG_WARN_SUSPICIOUS_MOVE = YES;
				CLANG_WARN_UNGUARDED_AVAILABILITY = YES_AGGRESSIVE;
				CLANG_WARN_UNREACHABLE_CODE = YES;
				CLANG_WARN__DUPLICATE_METHOD_MATCH = YES;
				CODE_SIGN_IDENTITY = "iPhone Developer";
				COPY_PHASE_STRIP = NO;
				DEBUG_INFORMATION_FORMAT = "dwarf-with-dsym";
				ENABLE_NS_ASSERTIONS = NO;
				ENABLE_STRICT_OBJC_MSGSEND = YES;
				GCC_C_LANGUAGE_STANDARD = gnu11;
				GCC_NO_COMMON_BLOCKS = YES;
				GCC_WARN_64_TO_32_BIT_CONVERSION = YES;
				GCC_WARN_ABOUT_RETURN_TYPE = YES_ERROR;
				GCC_WARN_UNDECLARED_SELECTOR = YES;
				GCC_WARN_UNINITIALIZED_AUTOS = YES_AGGRESSIVE;
				GCC_WARN_UNUSED_FUNCTION = YES;
				GCC_WARN_UNUSED_VARIABLE = YES;
				IPHONEOS_DEPLOYMENT_TARGET = 11.2;
				MTL_ENABLE_DEBUG_INFO = NO;
				SDKROOT = iphoneos;
				SWIFT_OPTIMIZATION_LEVEL = "-Owholemodule";
				VALIDATE_PRODUCT = YES;
			};
			name = Release;
		};
		80F23FD220282A42006CC415 /* Debug */ = {
			isa = XCBuildConfiguration;
			buildSettings = {
				ASSETCATALOG_COMPILER_APPICON_NAME = AppIcon;
				CODE_SIGN_STYLE = Automatic;
				INFOPLIST_FILE = TumblrApp/Info.plist;
				LD_RUNPATH_SEARCH_PATHS = "$(inherited) @executable_path/Frameworks";
				PRODUCT_BUNDLE_IDENTIFIER = one.TumblrApp;
				PRODUCT_NAME = "$(TARGET_NAME)";
				SWIFT_VERSION = 4.0;
				TARGETED_DEVICE_FAMILY = "1,2";
			};
			name = Debug;
		};
		80F23FD320282A42006CC415 /* Release */ = {
			isa = XCBuildConfiguration;
			buildSettings = {
				ASSETCATALOG_COMPILER_APPICON_NAME = AppIcon;
				CODE_SIGN_STYLE = Automatic;
				INFOPLIST_FILE = TumblrApp/Info.plist;
				LD_RUNPATH_SEARCH_PATHS = "$(inherited) @executable_path/Frameworks";
				PRODUCT_BUNDLE_IDENTIFIER = one.TumblrApp;
				PRODUCT_NAME = "$(TARGET_NAME)";
				SWIFT_VERSION = 4.0;
				TARGETED_DEVICE_FAMILY = "1,2";
			};
			name = Release;
		};
		80F23FD520282A42006CC415 /* Debug */ = {
			isa = XCBuildConfiguration;
			buildSettings = {
				ALWAYS_EMBED_SWIFT_STANDARD_LIBRARIES = YES;
				BUNDLE_LOADER = "$(TEST_HOST)";
				CODE_SIGN_STYLE = Automatic;
				INFOPLIST_FILE = TumblrAppTests/Info.plist;
				LD_RUNPATH_SEARCH_PATHS = "$(inherited) @executable_path/Frameworks @loader_path/Frameworks";
				PRODUCT_BUNDLE_IDENTIFIER = one.TumblrAppTests;
				PRODUCT_NAME = "$(TARGET_NAME)";
				SWIFT_VERSION = 4.0;
				TARGETED_DEVICE_FAMILY = "1,2";
				TEST_HOST = "$(BUILT_PRODUCTS_DIR)/TumblrApp.app/TumblrApp";
			};
			name = Debug;
		};
		80F23FD620282A42006CC415 /* Release */ = {
			isa = XCBuildConfiguration;
			buildSettings = {
				ALWAYS_EMBED_SWIFT_STANDARD_LIBRARIES = YES;
				BUNDLE_LOADER = "$(TEST_HOST)";
				CODE_SIGN_STYLE = Automatic;
				INFOPLIST_FILE = TumblrAppTests/Info.plist;
				LD_RUNPATH_SEARCH_PATHS = "$(inherited) @executable_path/Frameworks @loader_path/Frameworks";
				PRODUCT_BUNDLE_IDENTIFIER = one.TumblrAppTests;
				PRODUCT_NAME = "$(TARGET_NAME)";
				SWIFT_VERSION = 4.0;
				TARGETED_DEVICE_FAMILY = "1,2";
				TEST_HOST = "$(BUILT_PRODUCTS_DIR)/TumblrApp.app/TumblrApp";
			};
			name = Release;
		};
		80F23FD820282A42006CC415 /* Debug */ = {
			isa = XCBuildConfiguration;
			buildSettings = {
				ALWAYS_EMBED_SWIFT_STANDARD_LIBRARIES = YES;
				CODE_SIGN_STYLE = Automatic;
				INFOPLIST_FILE = TumblrAppUITests/Info.plist;
				LD_RUNPATH_SEARCH_PATHS = "$(inherited) @executable_path/Frameworks @loader_path/Frameworks";
				PRODUCT_BUNDLE_IDENTIFIER = one.TumblrAppUITests;
				PRODUCT_NAME = "$(TARGET_NAME)";
				SWIFT_VERSION = 4.0;
				TARGETED_DEVICE_FAMILY = "1,2";
				TEST_TARGET_NAME = TumblrApp;
			};
			name = Debug;
		};
		80F23FD920282A42006CC415 /* Release */ = {
			isa = XCBuildConfiguration;
			buildSettings = {
				ALWAYS_EMBED_SWIFT_STANDARD_LIBRARIES = YES;
				CODE_SIGN_STYLE = Automatic;
				INFOPLIST_FILE = TumblrAppUITests/Info.plist;
				LD_RUNPATH_SEARCH_PATHS = "$(inherited) @executable_path/Frameworks @loader_path/Frameworks";
				PRODUCT_BUNDLE_IDENTIFIER = one.TumblrAppUITests;
				PRODUCT_NAME = "$(TARGET_NAME)";
				SWIFT_VERSION = 4.0;
				TARGETED_DEVICE_FAMILY = "1,2";
				TEST_TARGET_NAME = TumblrApp;
			};
			name = Release;
		};
/* End XCBuildConfiguration section */

/* Begin XCConfigurationList section */
		80F23FA420282A42006CC415 /* Build configuration list for PBXProject "TumblrApp" */ = {
			isa = XCConfigurationList;
			buildConfigurations = (
				80F23FCF20282A42006CC415 /* Debug */,
				80F23FD020282A42006CC415 /* Release */,
			);
			defaultConfigurationIsVisible = 0;
			defaultConfigurationName = Release;
		};
		80F23FD120282A42006CC415 /* Build configuration list for PBXNativeTarget "TumblrApp" */ = {
			isa = XCConfigurationList;
			buildConfigurations = (
				80F23FD220282A42006CC415 /* Debug */,
				80F23FD320282A42006CC415 /* Release */,
			);
			defaultConfigurationIsVisible = 0;
			defaultConfigurationName = Release;
		};
		80F23FD420282A42006CC415 /* Build configuration list for PBXNativeTarget "TumblrAppTests" */ = {
			isa = XCConfigurationList;
			buildConfigurations = (
				80F23FD520282A42006CC415 /* Debug */,
				80F23FD620282A42006CC415 /* Release */,
			);
			defaultConfigurationIsVisible = 0;
			defaultConfigurationName = Release;
		};
		80F23FD720282A42006CC415 /* Build configuration list for PBXNativeTarget "TumblrAppUITests" */ = {
			isa = XCConfigurationList;
			buildConfigurations = (
				80F23FD820282A42006CC415 /* Debug */,
				80F23FD920282A42006CC415 /* Release */,
			);
			defaultConfigurationIsVisible = 0;
			defaultConfigurationName = Release;
		};
/* End XCConfigurationList section */
	};
	rootObject = 80F23FA120282A42006CC415 /* Project object */;
}
